
Microsoft Visual Studio Solution File, Format Version 12.00
# Visual Studio 2013
VisualStudioVersion = 12.0.21005.1
MinimumVisualStudioVersion = 10.0.40219.1
Project("{FAE04EC0-301F-11D3-BF4B-00C04F79EFBC}") = "SportsStore.Domain", "SportsStore.Domain\SportsStore.Domain.csproj", "{12A70581-2746-416D-BF67-3ECFF7B59C00}"
EndProject
Project("{FAE04EC0-301F-11D3-BF4B-00C04F79EFBC}") = "SportsStore.WebUI", "SportsStore.WebUI\SportsStore.WebUI.csproj", "{C0454AEC-EC4B-4E17-88F5-C51C78C24063}"
EndProject
Project("{FAE04EC0-301F-11D3-BF4B-00C04F79EFBC}") = "SportsStore.UnitTests", "SportsStore.UnitTests\SportsStore.UnitTests.csproj", "{BADF6E92-885C-4355-8658-F0B79395A63B}"
EndProject
Global
	GlobalSection(TeamFoundationVersionControl) = preSolution
		SccNumberOfProjects = 4
		SccEnterpriseProvider = {4CA58AB2-18FA-4F8D-95D4-32DDF27D184C}
		SccTeamFoundationServer = https://harryhu1990.visualstudio.com/defaultcollection
		SccLocalPath0 = .
		SccProjectUniqueName1 = SportsStore.Domain\\SportsStore.Domain.csproj
		SccProjectName1 = SportsStore.Domain
		SccLocalPath1 = SportsStore.Domain
		SccProjectUniqueName2 = SportsStore.WebUI\\SportsStore.WebUI.csproj
		SccProjectName2 = SportsStore.WebUI
		SccLocalPath2 = SportsStore.WebUI
		SccProjectUniqueName3 = SportsStore.UnitTests\\SportsStore.UnitTests.csproj
		SccProjectName3 = SportsStore.UnitTests
		SccLocalPath3 = SportsStore.UnitTests
	EndGlobalSection
	GlobalSection(SolutionConfigurationPlatforms) = preSolution
		Debug|Any CPU = Debug|Any CPU
		Release|Any CPU = Release|Any CPU
	EndGlobalSection
	GlobalSection(ProjectConfigurationPlatforms) = postSolution
		{12A70581-2746-416D-BF67-3ECFF7B59C00}.Debug|Any CPU.ActiveCfg = Debug|Any CPU
		{12A70581-2746-416D-BF67-3ECFF7B59C00}.Debug|Any CPU.Build.0 = Debug|Any CPU
		{12A70581-2746-416D-BF67-3ECFF7B59C00}.Release|Any CPU.ActiveCfg = Release|Any CPU
		{12A70581-2746-416D-BF67-3ECFF7B59C00}.Release|Any CPU.Build.0 = Release|Any CPU
		{C0454AEC-EC4B-4E17-88F5-C51C78C24063}.Debug|Any CPU.ActiveCfg = Debug|Any CPU
		{C0454AEC-EC4B-4E17-88F5-C51C78C24063}.Debug|Any CPU.Build.0 = Debug|Any CPU
		{C0454AEC-EC4B-4E17-88F5-C51C78C24063}.Release|Any CPU.ActiveCfg = Release|Any CPU
		{C0454AEC-EC4B-4E17-88F5-C51C78C24063}.Release|Any CPU.Build.0 = Release|Any CPU
		{BADF6E92-885C-4355-8658-F0B79395A63B}.Debug|Any CPU.ActiveCfg = Debug|Any CPU
		{BADF6E92-885C-4355-8658-F0B79395A63B}.Debug|Any CPU.Build.0 = Debug|Any CPU
		{BADF6E92-885C-4355-8658-F0B79395A63B}.Release|Any CPU.ActiveCfg = Release|Any CPU
		{BADF6E92-885C-4355-8658-F0B79395A63B}.Release|Any CPU.Build.0 = Release|Any CPU
	EndGlobalSection
	GlobalSection(SolutionProperties) = preSolution
		HideSolutionNode = FALSE
	EndGlobalSection
EndGlobal
